// !$*UTF8*$!
{
	archiveVersion = 1;
	classes = {
	};
	objectVersion = 55;
	objects = {

/* Begin PBXBuildFile section */
		C7E4441F279F76A100D0AF82 /* AppDelegate.swift in Sources */ = {isa = PBXBuildFile; fileRef = C7E4441E279F76A100D0AF82 /* AppDelegate.swift */; };
		C7E44421279F76A100D0AF82 /* SceneDelegate.swift in Sources */ = {isa = PBXBuildFile; fileRef = C7E44420279F76A100D0AF82 /* SceneDelegate.swift */; };
		C7E44423279F76A100D0AF82 /* ViewController.swift in Sources */ = {isa = PBXBuildFile; fileRef = C7E44422279F76A100D0AF82 /* ViewController.swift */; };
		C7E44426279F76A100D0AF82 /* Main.storyboard in Resources */ = {isa = PBXBuildFile; fileRef = C7E44424279F76A100D0AF82 /* Main.storyboard */; };
		C7E44428279F76A200D0AF82 /* Assets.xcassets in Resources */ = {isa = PBXBuildFile; fileRef = C7E44427279F76A200D0AF82 /* Assets.xcassets */; };
		C7E4442B279F76A200D0AF82 /* LaunchScreen.storyboard in Resources */ = {isa = PBXBuildFile; fileRef = C7E44429279F76A200D0AF82 /* LaunchScreen.storyboard */; };
		C7E44436279F76A200D0AF82 /* testTests.swift in Sources */ = {isa = PBXBuildFile; fileRef = C7E44435279F76A200D0AF82 /* testTests.swift */; };
		C7E44440279F76A200D0AF82 /* testUITests.swift in Sources */ = {isa = PBXBuildFile; fileRef = C7E4443F279F76A200D0AF82 /* testUITests.swift */; };
		C7E44442279F76A200D0AF82 /* testUITestsLaunchTests.swift in Sources */ = {isa = PBXBuildFile; fileRef = C7E44441279F76A200D0AF82 /* testUITestsLaunchTests.swift */; };
/* End PBXBuildFile section */

/* Begin PBXContainerItemProxy section */
		C7E44432279F76A200D0AF82 /* PBXContainerItemProxy */ = {
			isa = PBXContainerItemProxy;
			containerPortal = C7E44413279F76A100D0AF82 /* Project object */;
			proxyType = 1;
			remoteGlobalIDString = C7E4441A279F76A100D0AF82;
			remoteInfo = test;
		};
		C7E4443C279F76A200D0AF82 /* PBXContainerItemProxy */ = {
			isa = PBXContainerItemProxy;
			containerPortal = C7E44413279F76A100D0AF82 /* Project object */;
			proxyType = 1;
			remoteGlobalIDString = C7E4441A279F76A100D0AF82;
			remoteInfo = test;
		};
/* End PBXContainerItemProxy section */

/* Begin PBXFileReference section */
		C7E4441B279F76A100D0AF82 /* test.app */ = {isa = PBXFileReference; explicitFileType = wrapper.application; includeInIndex = 0; path = test.app; sourceTree = BUILT_PRODUCTS_DIR; };
		C7E4441E279F76A100D0AF82 /* AppDelegate.swift */ = {isa = PBXFileReference; lastKnownFileType = sourcecode.swift; path = AppDelegate.swift; sourceTree = "<group>"; };
		C7E44420279F76A100D0AF82 /* SceneDelegate.swift */ = {isa = PBXFileReference; lastKnownFileType = sourcecode.swift; path = SceneDelegate.swift; sourceTree = "<group>"; };
		C7E44422279F76A100D0AF82 /* ViewController.swift */ = {isa = PBXFileReference; lastKnownFileType = sourcecode.swift; path = ViewController.swift; sourceTree = "<group>"; };
		C7E44425279F76A100D0AF82 /* Base */ = {isa = PBXFileReference; lastKnownFileType = file.storyboard; name = Base; path = Base.lproj/Main.storyboard; sourceTree = "<group>"; };
		C7E44427279F76A200D0AF82 /* Assets.xcassets */ = {isa = PBXFileReference; lastKnownFileType = folder.assetcatalog; path = Assets.xcassets; sourceTree = "<group>"; };
		C7E4442A279F76A200D0AF82 /* Base */ = {isa = PBXFileReference; lastKnownFileType = file.storyboard; name = Base; path = Base.lproj/LaunchScreen.storyboard; sourceTree = "<group>"; };
		C7E4442C279F76A200D0AF82 /* Info.plist */ = {isa = PBXFileReference; lastKnownFileType = text.plist.xml; path = Info.plist; sourceTree = "<group>"; };
		C7E44431279F76A200D0AF82 /* testTests.xctest */ = {isa = PBXFileReference; explicitFileType = wrapper.cfbundle; includeInIndex = 0; path = testTests.xctest; sourceTree = BUILT_PRODUCTS_DIR; };
		C7E44435279F76A200D0AF82 /* testTests.swift */ = {isa = PBXFileReference; lastKnownFileType = sourcecode.swift; path = testTests.swift; sourceTree = "<group>"; };
		C7E4443B279F76A200D0AF82 /* testUITests.xctest */ = {isa = PBXFileReference; explicitFileType = wrapper.cfbundle; includeInIndex = 0; path = testUITests.xctest; sourceTree = BUILT_PRODUCTS_DIR; };
		C7E4443F279F76A200D0AF82 /* testUITests.swift */ = {isa = PBXFileReference; lastKnownFileType = sourcecode.swift; path = testUITests.swift; sourceTree = "<group>"; };
		C7E44441279F76A200D0AF82 /* testUITestsLaunchTests.swift */ = {isa = PBXFileReference; lastKnownFileType = sourcecode.swift; path = testUITestsLaunchTests.swift; sourceTree = "<group>"; };
/* End PBXFileReference section */

/* Begin PBXFrameworksBuildPhase section */
		C7E44418279F76A100D0AF82 /* Frameworks */ = {
			isa = PBXFrameworksBuildPhase;
			buildActionMask = 2147483647;
			files = (
			);
			runOnlyForDeploymentPostprocessing = 0;
		};
		C7E4442E279F76A200D0AF82 /* Frameworks */ = {
			isa = PBXFrameworksBuildPhase;
			buildActionMask = 2147483647;
			files = (
			);
			runOnlyForDeploymentPostprocessing = 0;
		};
		C7E44438279F76A200D0AF82 /* Frameworks */ = {
			isa = PBXFrameworksBuildPhase;
			buildActionMask = 2147483647;
			files = (
			);
			runOnlyForDeploymentPostprocessing = 0;
		};
/* End PBXFrameworksBuildPhase section */

/* Begin PBXGroup section */
		C7E44412279F76A100D0AF82 = {
			isa = PBXGroup;
			children = (
				C7E4441D279F76A100D0AF82 /* test */,
				C7E44434279F76A200D0AF82 /* testTests */,
				C7E4443E279F76A200D0AF82 /* testUITests */,
				C7E4441C279F76A100D0AF82 /* Products */,
			);
			sourceTree = "<group>";
		};
		C7E4441C279F76A100D0AF82 /* Products */ = {
			isa = PBXGroup;
			children = (
				C7E4441B279F76A100D0AF82 /* test.app */,
				C7E44431279F76A200D0AF82 /* testTests.xctest */,
				C7E4443B279F76A200D0AF82 /* testUITests.xctest */,
			);
			name = Products;
			sourceTree = "<group>";
		};
		C7E4441D279F76A100D0AF82 /* test */ = {
			isa = PBXGroup;
			children = (
				C7E4441E279F76A100D0AF82 /* AppDelegate.swift */,
				C7E44420279F76A100D0AF82 /* SceneDelegate.swift */,
				C7E44422279F76A100D0AF82 /* ViewController.swift */,
				C7E44424279F76A100D0AF82 /* Main.storyboard */,
				C7E44427279F76A200D0AF82 /* Assets.xcassets */,
				C7E44429279F76A200D0AF82 /* LaunchScreen.storyboard */,
				C7E4442C279F76A200D0AF82 /* Info.plist */,
			);
			path = test;
			sourceTree = "<group>";
		};
		C7E44434279F76A200D0AF82 /* testTests */ = {
			isa = PBXGroup;
			children = (
				C7E44435279F76A200D0AF82 /* testTests.swift */,
			);
			path = testTests;
			sourceTree = "<group>";
		};
		C7E4443E279F76A200D0AF82 /* testUITests */ = {
			isa = PBXGroup;
			children = (
				C7E4443F279F76A200D0AF82 /* testUITests.swift */,
				C7E44441279F76A200D0AF82 /* testUITestsLaunchTests.swift */,
			);
			path = testUITests;
			sourceTree = "<group>";
		};
/* End PBXGroup section */

/* Begin PBXNativeTarget section */
		C7E4441A279F76A100D0AF82 /* test */ = {
			isa = PBXNativeTarget;
			buildConfigurationList = C7E44445279F76A200D0AF82 /* Build configuration list for PBXNativeTarget "test" */;
			buildPhases = (
				C7E44417279F76A100D0AF82 /* Sources */,
				C7E44418279F76A100D0AF82 /* Frameworks */,
				C7E44419279F76A100D0AF82 /* Resources */,
			);
			buildRules = (
			);
			dependencies = (
			);
			name = test;
			productName = test;
			productReference = C7E4441B279F76A100D0AF82 /* test.app */;
			productType = "com.apple.product-type.application";
		};
		C7E44430279F76A200D0AF82 /* testTests */ = {
			isa = PBXNativeTarget;
			buildConfigurationList = C7E44448279F76A200D0AF82 /* Build configuration list for PBXNativeTarget "testTests" */;
			buildPhases = (
				C7E4442D279F76A200D0AF82 /* Sources */,
				C7E4442E279F76A200D0AF82 /* Frameworks */,
				C7E4442F279F76A200D0AF82 /* Resources */,
			);
			buildRules = (
			);
			dependencies = (
				C7E44433279F76A200D0AF82 /* PBXTargetDependency */,
			);
			name = testTests;
			productName = testTests;
			productReference = C7E44431279F76A200D0AF82 /* testTests.xctest */;
			productType = "com.apple.product-type.bundle.unit-test";
		};
		C7E4443A279F76A200D0AF82 /* testUITests */ = {
			isa = PBXNativeTarget;
			buildConfigurationList = C7E4444B279F76A200D0AF82 /* Build configuration list for PBXNativeTarget "testUITests" */;
			buildPhases = (
				C7E44437279F76A200D0AF82 /* Sources */,
				C7E44438279F76A200D0AF82 /* Frameworks */,
				C7E44439279F76A200D0AF82 /* Resources */,
			);
			buildRules = (
			);
			dependencies = (
				C7E4443D279F76A200D0AF82 /* PBXTargetDependency */,
			);
			name = testUITests;
			productName = testUITests;
			productReference = C7E4443B279F76A200D0AF82 /* testUITests.xctest */;
			productType = "com.apple.product-type.bundle.ui-testing";
		};
/* End PBXNativeTarget section */

/* Begin PBXProject section */
		C7E44413279F76A100D0AF82 /* Project object */ = {
			isa = PBXProject;
			attributes = {
				BuildIndependentTargetsInParallel = 1;
				LastSwiftUpdateCheck = 1320;
				LastUpgradeCheck = 1320;
				TargetAttributes = {
					C7E4441A279F76A100D0AF82 = {
						CreatedOnToolsVersion = 13.2.1;
					};
					C7E44430279F76A200D0AF82 = {
						CreatedOnToolsVersion = 13.2.1;
						TestTargetID = C7E4441A279F76A100D0AF82;
					};
					C7E4443A279F76A200D0AF82 = {
						CreatedOnToolsVersion = 13.2.1;
						TestTargetID = C7E4441A279F76A100D0AF82;
					};
				};
			};
			buildConfigurationList = C7E44416279F76A100D0AF82 /* Build configuration list for PBXProject "test" */;
			compatibilityVersion = "Xcode 13.0";
			developmentRegion = en;
			hasScannedForEncodings = 0;
			knownRegions = (
				en,
				Base,
			);
			mainGroup = C7E44412279F76A100D0AF82;
			productRefGroup = C7E4441C279F76A100D0AF82 /* Products */;
			projectDirPath = "";
			projectRoot = "";
			targets = (
				C7E4441A279F76A100D0AF82 /* test */,
				C7E44430279F76A200D0AF82 /* testTests */,
				C7E4443A279F76A200D0AF82 /* testUITests */,
			);
		};
/* End PBXProject section */

/* Begin PBXResourcesBuildPhase section */
		C7E44419279F76A100D0AF82 /* Resources */ = {
			isa = PBXResourcesBuildPhase;
			buildActionMask = 2147483647;
			files = (
				C7E4442B279F76A200D0AF82 /* LaunchScreen.storyboard in Resources */,
				C7E44428279F76A200D0AF82 /* Assets.xcassets in Resources */,
				C7E44426279F76A100D0AF82 /* Main.storyboard in Resources */,
			);
			runOnlyForDeploymentPostprocessing = 0;
		};
		C7E4442F279F76A200D0AF82 /* Resources */ = {
			isa = PBXResourcesBuildPhase;
			buildActionMask = 2147483647;
			files = (
			);
			runOnlyForDeploymentPostprocessing = 0;
		};
		C7E44439279F76A200D0AF82 /* Resources */ = {
			isa = PBXResourcesBuildPhase;
			buildActionMask = 2147483647;
			files = (
			);
			runOnlyForDeploymentPostprocessing = 0;
		};
/* End PBXResourcesBuildPhase section */

/* Begin PBXSourcesBuildPhase section */
		C7E44417279F76A100D0AF82 /* Sources */ = {
			isa = PBXSourcesBuildPhase;
			buildActionMask = 2147483647;
			files = (
				C7E44423279F76A100D0AF82 /* ViewController.swift in Sources */,
				C7E4441F279F76A100D0AF82 /* AppDelegate.swift in Sources */,
				C7E44421279F76A100D0AF82 /* SceneDelegate.swift in Sources */,
			);
			runOnlyForDeploymentPostprocessing = 0;
		};
		C7E4442D279F76A200D0AF82 /* Sources */ = {
			isa = PBXSourcesBuildPhase;
			buildActionMask = 2147483647;
			files = (
				C7E44436279F76A200D0AF82 /* testTests.swift in Sources */,
			);
			runOnlyForDeploymentPostprocessing = 0;
		};
		C7E44437279F76A200D0AF82 /* Sources */ = {
			isa = PBXSourcesBuildPhase;
			buildActionMask = 2147483647;
			files = (
				C7E44442279F76A200D0AF82 /* testUITestsLaunchTests.swift in Sources */,
				C7E44440279F76A200D0AF82 /* testUITests.swift in Sources */,
			);
			runOnlyForDeploymentPostprocessing = 0;
		};
/* End PBXSourcesBuildPhase section */

/* Begin PBXTargetDependency section */
		C7E44433279F76A200D0AF82 /* PBXTargetDependency */ = {
			isa = PBXTargetDependency;
			target = C7E4441A279F76A100D0AF82 /* test */;
			targetProxy = C7E44432279F76A200D0AF82 /* PBXContainerItemProxy */;
		};
		C7E4443D279F76A200D0AF82 /* PBXTargetDependency */ = {
			isa = PBXTargetDependency;
			target = C7E4441A279F76A100D0AF82 /* test */;
			targetProxy = C7E4443C279F76A200D0AF82 /* PBXContainerItemProxy */;
		};
/* End PBXTargetDependency section */

/* Begin PBXVariantGroup section */
		C7E44424279F76A100D0AF82 /* Main.storyboard */ = {
			isa = PBXVariantGroup;
			children = (
				C7E44425279F76A100D0AF82 /* Base */,
			);
			name = Main.storyboard;
			sourceTree = "<group>";
		};
		C7E44429279F76A200D0AF82 /* LaunchScreen.storyboard */ = {
			isa = PBXVariantGroup;
			children = (
				C7E4442A279F76A200D0AF82 /* Base */,
			);
			name = LaunchScreen.storyboard;
			sourceTree = "<group>";
		};
/* End PBXVariantGroup section */

/* Begin XCBuildConfiguration section */
		C7E44443279F76A200D0AF82 /* Debug */ = {
			isa = XCBuildConfiguration;
			buildSettings = {
				ALWAYS_SEARCH_USER_PATHS = NO;
				CLANG_ANALYZER_NONNULL = YES;
				CLANG_ANALYZER_NUMBER_OBJECT_CONVERSION = YES_AGGRESSIVE;
				CLANG_CXX_LANGUAGE_STANDARD = "gnu++17";
				CLANG_CXX_LIBRARY = "libc++";
				CLANG_ENABLE_MODULES = YES;
				CLANG_ENABLE_OBJC_ARC = YES;
				CLANG_ENABLE_OBJC_WEAK = YES;
				CLANG_WARN_BLOCK_CAPTURE_AUTORELEASING = YES;
				CLANG_WARN_BOOL_CONVERSION = YES;
				CLANG_WARN_COMMA = YES;
				CLANG_WARN_CONSTANT_CONVERSION = YES;
				CLANG_WARN_DEPRECATED_OBJC_IMPLEMENTATIONS = YES;
				CLANG_WARN_DIRECT_OBJC_ISA_USAGE = YES_ERROR;
				CLANG_WARN_DOCUMENTATION_COMMENTS = YES;
				CLANG_WARN_EMPTY_BODY = YES;
				CLANG_WARN_ENUM_CONVERSION = YES;
				CLANG_WARN_INFINITE_RECURSION = YES;
				CLANG_WARN_INT_CONVERSION = YES;
				CLANG_WARN_NON_LITERAL_NULL_CONVERSION = YES;
				CLANG_WARN_OBJC_IMPLICIT_RETAIN_SELF = YES;
				CLANG_WARN_OBJC_LITERAL_CONVERSION = YES;
				CLANG_WARN_OBJC_ROOT_CLASS = YES_ERROR;
				CLANG_WARN_QUOTED_INCLUDE_IN_FRAMEWORK_HEADER = YES;
				CLANG_WARN_RANGE_LOOP_ANALYSIS = YES;
				CLANG_WARN_STRICT_PROTOTYPES = YES;
				CLANG_WARN_SUSPICIOUS_MOVE = YES;
				CLANG_WARN_UNGUARDED_AVAILABILITY = YES_AGGRESSIVE;
				CLANG_WARN_UNREACHABLE_CODE = YES;
				CLANG_WARN__DUPLICATE_METHOD_MATCH = YES;
				COPY_PHASE_STRIP = NO;
				DEBUG_INFORMATION_FORMAT = dwarf;
				ENABLE_STRICT_OBJC_MSGSEND = YES;
				ENABLE_TESTABILITY = YES;
				GCC_C_LANGUAGE_STANDARD = gnu11;
				GCC_DYNAMIC_NO_PIC = NO;
				GCC_NO_COMMON_BLOCKS = YES;
				GCC_OPTIMIZATION_LEVEL = 0;
				GCC_PREPROCESSOR_DEFINITIONS = (
					"DEBUG=1",
					"$(inherited)",
				);
				GCC_WARN_64_TO_32_BIT_CONVERSION = YES;
				GCC_WARN_ABOUT_RETURN_TYPE = YES_ERROR;
				GCC_WARN_UNDECLARED_SELECTOR = YES;
				GCC_WARN_UNINITIALIZED_AUTOS = YES_AGGRESSIVE;
				GCC_WARN_UNUSED_FUNCTION = YES;
				GCC_WARN_UNUSED_VARIABLE = YES;
				IPHONEOS_DEPLOYMENT_TARGET = 15.2;
				MTL_ENABLE_DEBUG_INFO = INCLUDE_SOURCE;
				MTL_FAST_MATH = YES;
				ONLY_ACTIVE_ARCH = YES;
				SDKROOT = iphoneos;
				SWIFT_ACTIVE_COMPILATION_CONDITIONS = DEBUG;
				SWIFT_OPTIMIZATION_LEVEL = "-Onone";
			};
			name = Debug;
		};
		C7E44444279F76A200D0AF82 /* Release */ = {
			isa = XCBuildConfiguration;
			buildSettings = {
				ALWAYS_SEARCH_USER_PATHS = NO;
				CLANG_ANALYZER_NONNULL = YES;
				CLANG_ANALYZER_NUMBER_OBJECT_CONVERSION = YES_AGGRESSIVE;
				CLANG_CXX_LANGUAGE_STANDARD = "gnu++17";
				CLANG_CXX_LIBRARY = "libc++";
				CLANG_ENABLE_MODULES = YES;
				CLANG_ENABLE_OBJC_ARC = YES;
				CLANG_ENABLE_OBJC_WEAK = YES;
				CLANG_WARN_BLOCK_CAPTURE_AUTORELEASING = YES;
				CLANG_WARN_BOOL_CONVERSION = YES;
				CLANG_WARN_COMMA = YES;
				CLANG_WARN_CONSTANT_CONVERSION = YES;
				CLANG_WARN_DEPRECATED_OBJC_IMPLEMENTATIONS = YES;
				CLANG_WARN_DIRECT_OBJC_ISA_USAGE = YES_ERROR;
				CLANG_WARN_DOCUMENTATION_COMMENTS = YES;
				CLANG_WARN_EMPTY_BODY = YES;
				CLANG_WARN_ENUM_CONVERSION = YES;
				CLANG_WARN_INFINITE_RECURSION = YES;
				CLANG_WARN_INT_CONVERSION = YES;
				CLANG_WARN_NON_LITERAL_NULL_CONVERSION = YES;
				CLANG_WARN_OBJC_IMPLICIT_RETAIN_SELF = YES;
				CLANG_WARN_OBJC_LITERAL_CONVERSION = YES;
				CLANG_WARN_OBJC_ROOT_CLASS = YES_ERROR;
				CLANG_WARN_QUOTED_INCLUDE_IN_FRAMEWORK_HEADER = YES;
				CLANG_WARN_RANGE_LOOP_ANALYSIS = YES;
				CLANG_WARN_STRICT_PROTOTYPES = YES;
				CLANG_WARN_SUSPICIOUS_MOVE = YES;
				CLANG_WARN_UNGUARDED_AVAILABILITY = YES_AGGRESSIVE;
				CLANG_WARN_UNREACHABLE_CODE = YES;
				CLANG_WARN__DUPLICATE_METHOD_MATCH = YES;
				COPY_PHASE_STRIP = NO;
				DEBUG_INFORMATION_FORMAT = "dwarf-with-dsym";
				ENABLE_NS_ASSERTIONS = NO;
				ENABLE_STRICT_OBJC_MSGSEND = YES;
				GCC_C_LANGUAGE_STANDARD = gnu11;
				GCC_NO_COMMON_BLOCKS = YES;
				GCC_WARN_64_TO_32_BIT_CONVERSION = YES;
				GCC_WARN_ABOUT_RETURN_TYPE = YES_ERROR;
				GCC_WARN_UNDECLARED_SELECTOR = YES;
				GCC_WARN_UNINITIALIZED_AUTOS = YES_AGGRESSIVE;
				GCC_WARN_UNUSED_FUNCTION = YES;
				GCC_WARN_UNUSED_VARIABLE = YES;
				IPHONEOS_DEPLOYMENT_TARGET = 15.2;
				MTL_ENABLE_DEBUG_INFO = NO;
				MTL_FAST_MATH = YES;
				SDKROOT = iphoneos;
				SWIFT_COMPILATION_MODE = wholemodule;
				SWIFT_OPTIMIZATION_LEVEL = "-O";
				VALIDATE_PRODUCT = YES;
			};
			name = Release;
		};
		C7E44446279F76A200D0AF82 /* Debug */ = {
			isa = XCBuildConfiguration;
			buildSettings = {
				ASSETCATALOG_COMPILER_APPICON_NAME = AppIcon;
				ASSETCATALOG_COMPILER_GLOBAL_ACCENT_COLOR_NAME = AccentColor;
				CODE_SIGN_STYLE = Automatic;
				CURRENT_PROJECT_VERSION = 1;
				GENERATE_INFOPLIST_FILE = YES;
				INFOPLIST_FILE = test/Info.plist;
				INFOPLIST_KEY_UIApplicationSupportsIndirectInputEvents = YES;
				INFOPLIST_KEY_UILaunchStoryboardName = LaunchScreen;
				INFOPLIST_KEY_UIMainStoryboardFile = Main;
				INFOPLIST_KEY_UISupportedInterfaceOrientations_iPad = "UIInterfaceOrientationPortrait UIInterfaceOrientationPortraitUpsideDown UIInterfaceOrientationLandscapeLeft UIInterfaceOrientationLandscapeRight";
				INFOPLIST_KEY_UISupportedInterfaceOrientations_iPhone = "UIInterfaceOrientationPortrait UIInterfaceOrientationLandscapeLeft UIInterfaceOrientationLandscapeRight";
				LD_RUNPATH_SEARCH_PATHS = (
					"$(inherited)",
					"@executable_path/Frameworks",
				);
				MARKETING_VERSION = 1.0;
				PRODUCT_BUNDLE_IDENTIFIER = com.OlirE.test;
				PRODUCT_NAME = "$(TARGET_NAME)";
				SWIFT_EMIT_LOC_STRINGS = YES;
				SWIFT_VERSION = 5.0;
				TARGETED_DEVICE_FAMILY = "1,2";
			};
			name = Debug;
		};
		C7E44447279F76A200D0AF82 /* Release */ = {
			isa = XCBuildConfiguration;
			buildSettings = {
				ASSETCATALOG_COMPILER_APPICON_NAME = AppIcon;
				ASSETCATALOG_COMPILER_GLOBAL_ACCENT_COLOR_NAME = AccentColor;
				CODE_SIGN_STYLE = Automatic;
				CURRENT_PROJECT_VERSION = 1;
				GENERATE_INFOPLIST_FILE = YES;
				INFOPLIST_FILE = test/Info.plist;
				INFOPLIST_KEY_UIApplicationSupportsIndirectInputEvents = YES;
				INFOPLIST_KEY_UILaunchStoryboardName = LaunchScreen;
				INFOPLIST_KEY_UIMainStoryboardFile = Main;
				INFOPLIST_KEY_UISupportedInterfaceOrientations_iPad = "UIInterfaceOrientationPortrait UIInterfaceOrientationPortraitUpsideDown UIInterfaceOrientationLandscapeLeft UIInterfaceOrientationLandscapeRight";
				INFOPLIST_KEY_UISupportedInterfaceOrientations_iPhone = "UIInterfaceOrientationPortrait UIInterfaceOrientationLandscapeLeft UIInterfaceOrientationLandscapeRight";
				LD_RUNPATH_SEARCH_PATHS = (
					"$(inherited)",
					"@executable_path/Frameworks",
				);
				MARKETING_VERSION = 1.0;
				PRODUCT_BUNDLE_IDENTIFIER = com.OlirE.test;
				PRODUCT_NAME = "$(TARGET_NAME)";
				SWIFT_EMIT_LOC_STRINGS = YES;
				SWIFT_VERSION = 5.0;
				TARGETED_DEVICE_FAMILY = "1,2";
			};
			name = Release;
		};
		C7E44449279F76A200D0AF82 /* Debug */ = {
			isa = XCBuildConfiguration;
			buildSettings = {
				ALWAYS_EMBED_SWIFT_STANDARD_LIBRARIES = YES;
				BUNDLE_LOADER = "$(TEST_HOST)";
				CODE_SIGN_STYLE = Automatic;
				CURRENT_PROJECT_VERSION = 1;
				GENERATE_INFOPLIST_FILE = YES;
				IPHONEOS_DEPLOYMENT_TARGET = 15.2;
				MARKETING_VERSION = 1.0;
				PRODUCT_BUNDLE_IDENTIFIER = com.OlirE.testTests;
				PRODUCT_NAME = "$(TARGET_NAME)";
				SWIFT_EMIT_LOC_STRINGS = NO;
				SWIFT_VERSION = 5.0;
				TARGETED_DEVICE_FAMILY = "1,2";
				TEST_HOST = "$(BUILT_PRODUCTS_DIR)/test.app/test";
			};
			name = Debug;
		};
		C7E4444A279F76A200D0AF82 /* Release */ = {
			isa = XCBuildConfiguration;
			buildSettings = {
				ALWAYS_EMBED_SWIFT_STANDARD_LIBRARIES = YES;
				BUNDLE_LOADER = "$(TEST_HOST)";
				CODE_SIGN_STYLE = Automatic;
				CURRENT_PROJECT_VERSION = 1;
				GENERATE_INFOPLIST_FILE = YES;
				IPHONEOS_DEPLOYMENT_TARGET = 15.2;
				MARKETING_VERSION = 1.0;
				PRODUCT_BUNDLE_IDENTIFIER = com.OlirE.testTests;
				PRODUCT_NAME = "$(TARGET_NAME)";
				SWIFT_EMIT_LOC_STRINGS = NO;
				SWIFT_VERSION = 5.0;
				TARGETED_DEVICE_FAMILY = "1,2";
				TEST_HOST = "$(BUILT_PRODUCTS_DIR)/test.app/test";
			};
			name = Release;
		};
		C7E4444C279F76A200D0AF82 /* Debug */ = {
			isa = XCBuildConfiguration;
			buildSettings = {
				ALWAYS_EMBED_SWIFT_STANDARD_LIBRARIES = YES;
				CODE_SIGN_STYLE = Automatic;
				CURRENT_PROJECT_VERSION = 1;
				GENERATE_INFOPLIST_FILE = YES;
				MARKETING_VERSION = 1.0;
				PRODUCT_BUNDLE_IDENTIFIER = com.OlirE.testUITests;
				PRODUCT_NAME = "$(TARGET_NAME)";
				SWIFT_EMIT_LOC_STRINGS = NO;
				SWIFT_VERSION = 5.0;
				TARGETED_DEVICE_FAMILY = "1,2";
				TEST_TARGET_NAME = test;
			};
			name = Debug;
		};
		C7E4444D279F76A200D0AF82 /* Release */ = {
			isa = XCBuildConfiguration;
			buildSettings = {
				ALWAYS_EMBED_SWIFT_STANDARD_LIBRARIES = YES;
				CODE_SIGN_STYLE = Automatic;
				CURRENT_PROJECT_VERSION = 1;
				GENERATE_INFOPLIST_FILE = YES;
				MARKETING_VERSION = 1.0;
				PRODUCT_BUNDLE_IDENTIFIER = com.OlirE.testUITests;
				PRODUCT_NAME = "$(TARGET_NAME)";
				SWIFT_EMIT_LOC_STRINGS = NO;
				SWIFT_VERSION = 5.0;
				TARGETED_DEVICE_FAMILY = "1,2";
				TEST_TARGET_NAME = test;
			};
			name = Release;
		};
/* End XCBuildConfiguration section */

/* Begin XCConfigurationList section */
		C7E44416279F76A100D0AF82 /* Build configuration list for PBXProject "test" */ = {
			isa = XCConfigurationList;
			buildConfigurations = (
				C7E44443279F76A200D0AF82 /* Debug */,
				C7E44444279F76A200D0AF82 /* Release */,
			);
			defaultConfigurationIsVisible = 0;
			defaultConfigurationName = Release;
		};
		C7E44445279F76A200D0AF82 /* Build configuration list for PBXNativeTarget "test" */ = {
			isa = XCConfigurationList;
			buildConfigurations = (
				C7E44446279F76A200D0AF82 /* Debug */,
				C7E44447279F76A200D0AF82 /* Release */,
			);
			defaultConfigurationIsVisible = 0;
			defaultConfigurationName = Release;
		};
		C7E44448279F76A200D0AF82 /* Build configuration list for PBXNativeTarget "testTests" */ = {
			isa = XCConfigurationList;
			buildConfigurations = (
				C7E44449279F76A200D0AF82 /* Debug */,
				C7E4444A279F76A200D0AF82 /* Release */,
			);
			defaultConfigurationIsVisible = 0;
			defaultConfigurationName = Release;
		};
		C7E4444B279F76A200D0AF82 /* Build configuration list for PBXNativeTarget "testUITests" */ = {
			isa = XCConfigurationList;
			buildConfigurations = (
				C7E4444C279F76A200D0AF82 /* Debug */,
				C7E4444D279F76A200D0AF82 /* Release */,
			);
			defaultConfigurationIsVisible = 0;
			defaultConfigurationName = Release;
		};
/* End XCConfigurationList section */
	};
	rootObject = C7E44413279F76A100D0AF82 /* Project object */;
}
